// !$*UTF8*$!
{
	archiveVersion = 1;
	classes = {
	};
	objectVersion = 46;
	objects = {

/* Begin PBXBuildFile section */
		556CF8721B3F156600EAA7A4 /* MAVBrokerTests.m in Sources */ = {isa = PBXBuildFile; fileRef = 556CF8711B3F156600EAA7A4 /* MAVBrokerTests.m */; };
		556CF8751B3F164100EAA7A4 /* MAVBroker.m in Sources */ = {isa = PBXBuildFile; fileRef = 556CF8741B3F164100EAA7A4 /* MAVBroker.m */; };
		556CF8761B3F164B00EAA7A4 /* MAVMoney.m in Sources */ = {isa = PBXBuildFile; fileRef = 558F5EC31B1D06EC00802D4C /* MAVMoney.m */; };
		556CF8771B3F164E00EAA7A4 /* MAVBroker.m in Sources */ = {isa = PBXBuildFile; fileRef = 556CF8741B3F164100EAA7A4 /* MAVBroker.m */; };
		556CF8791B3F2B2000EAA7A4 /* MAVWalletTests.m in Sources */ = {isa = PBXBuildFile; fileRef = 556CF8781B3F2B2000EAA7A4 /* MAVWalletTests.m */; };
		556CF87C1B3F2F2E00EAA7A4 /* MAVWallet.m in Sources */ = {isa = PBXBuildFile; fileRef = 556CF87B1B3F2F2E00EAA7A4 /* MAVWallet.m */; };
		556CF87D1B3F30BC00EAA7A4 /* MAVWallet.m in Sources */ = {isa = PBXBuildFile; fileRef = 556CF87B1B3F2F2E00EAA7A4 /* MAVWallet.m */; };
		556CF8821B4014A900EAA7A4 /* MAVWalletTableViewController.m in Sources */ = {isa = PBXBuildFile; fileRef = 556CF8801B4014A900EAA7A4 /* MAVWalletTableViewController.m */; };
		556CF8831B4014A900EAA7A4 /* MAVWalletTableViewController.xib in Resources */ = {isa = PBXBuildFile; fileRef = 556CF8811B4014A900EAA7A4 /* MAVWalletTableViewController.xib */; };
		556CF8851B4014DE00EAA7A4 /* MAVWalletTableViewController.m in Sources */ = {isa = PBXBuildFile; fileRef = 556CF8801B4014A900EAA7A4 /* MAVWalletTableViewController.m */; };
		556CF8871B4014F900EAA7A4 /* MAVWalletTableTests.m in Sources */ = {isa = PBXBuildFile; fileRef = 556CF8861B4014F900EAA7A4 /* MAVWalletTableTests.m */; };
		558F5E931B1CF39E00802D4C /* main.m in Sources */ = {isa = PBXBuildFile; fileRef = 558F5E921B1CF39E00802D4C /* main.m */; };
		558F5E961B1CF39E00802D4C /* AppDelegate.m in Sources */ = {isa = PBXBuildFile; fileRef = 558F5E951B1CF39E00802D4C /* AppDelegate.m */; };
		558F5E991B1CF39E00802D4C /* ViewController.m in Sources */ = {isa = PBXBuildFile; fileRef = 558F5E981B1CF39E00802D4C /* ViewController.m */; };
		558F5E9C1B1CF39E00802D4C /* Main.storyboard in Resources */ = {isa = PBXBuildFile; fileRef = 558F5E9A1B1CF39E00802D4C /* Main.storyboard */; };
		558F5E9E1B1CF39E00802D4C /* Images.xcassets in Resources */ = {isa = PBXBuildFile; fileRef = 558F5E9D1B1CF39E00802D4C /* Images.xcassets */; };
		558F5EA11B1CF39E00802D4C /* LaunchScreen.xib in Resources */ = {isa = PBXBuildFile; fileRef = 558F5E9F1B1CF39E00802D4C /* LaunchScreen.xib */; };
		558F5EC41B1D06EC00802D4C /* MAVMoney.m in Sources */ = {isa = PBXBuildFile; fileRef = 558F5EC31B1D06EC00802D4C /* MAVMoney.m */; };
		558F5ECA1B1D0B2C00802D4C /* MAVMoneyTests.m in Sources */ = {isa = PBXBuildFile; fileRef = 558F5EC91B1D0B2C00802D4C /* MAVMoneyTests.m */; };
/* End PBXBuildFile section */

/* Begin PBXContainerItemProxy section */
		558F5EA71B1CF39E00802D4C /* PBXContainerItemProxy */ = {
			isa = PBXContainerItemProxy;
			containerPortal = 558F5E851B1CF39E00802D4C /* Project object */;
			proxyType = 1;
			remoteGlobalIDString = 558F5E8C1B1CF39E00802D4C;
			remoteInfo = wallet;
		};
/* End PBXContainerItemProxy section */

/* Begin PBXFileReference section */
		556CF8711B3F156600EAA7A4 /* MAVBrokerTests.m */ = {isa = PBXFileReference; fileEncoding = 4; lastKnownFileType = sourcecode.c.objc; path = MAVBrokerTests.m; sourceTree = "<group>"; };
		556CF8731B3F164100EAA7A4 /* MAVBroker.h */ = {isa = PBXFileReference; fileEncoding = 4; lastKnownFileType = sourcecode.c.h; path = MAVBroker.h; sourceTree = "<group>"; };
		556CF8741B3F164100EAA7A4 /* MAVBroker.m */ = {isa = PBXFileReference; fileEncoding = 4; lastKnownFileType = sourcecode.c.objc; path = MAVBroker.m; sourceTree = "<group>"; };
		556CF8781B3F2B2000EAA7A4 /* MAVWalletTests.m */ = {isa = PBXFileReference; fileEncoding = 4; lastKnownFileType = sourcecode.c.objc; path = MAVWalletTests.m; sourceTree = "<group>"; };
		556CF87A1B3F2F2E00EAA7A4 /* MAVWallet.h */ = {isa = PBXFileReference; fileEncoding = 4; lastKnownFileType = sourcecode.c.h; path = MAVWallet.h; sourceTree = "<group>"; };
		556CF87B1B3F2F2E00EAA7A4 /* MAVWallet.m */ = {isa = PBXFileReference; fileEncoding = 4; lastKnownFileType = sourcecode.c.objc; path = MAVWallet.m; sourceTree = "<group>"; };
		556CF87F1B4014A900EAA7A4 /* MAVWalletTableViewController.h */ = {isa = PBXFileReference; fileEncoding = 4; lastKnownFileType = sourcecode.c.h; path = MAVWalletTableViewController.h; sourceTree = "<group>"; };
		556CF8801B4014A900EAA7A4 /* MAVWalletTableViewController.m */ = {isa = PBXFileReference; fileEncoding = 4; lastKnownFileType = sourcecode.c.objc; path = MAVWalletTableViewController.m; sourceTree = "<group>"; };
		556CF8811B4014A900EAA7A4 /* MAVWalletTableViewController.xib */ = {isa = PBXFileReference; fileEncoding = 4; lastKnownFileType = file.xib; path = MAVWalletTableViewController.xib; sourceTree = "<group>"; };
		556CF8861B4014F900EAA7A4 /* MAVWalletTableTests.m */ = {isa = PBXFileReference; fileEncoding = 4; lastKnownFileType = sourcecode.c.objc; path = MAVWalletTableTests.m; sourceTree = "<group>"; };
		558F5E8D1B1CF39E00802D4C /* wallet.app */ = {isa = PBXFileReference; explicitFileType = wrapper.application; includeInIndex = 0; path = wallet.app; sourceTree = BUILT_PRODUCTS_DIR; };
		558F5E911B1CF39E00802D4C /* Info.plist */ = {isa = PBXFileReference; lastKnownFileType = text.plist.xml; path = Info.plist; sourceTree = "<group>"; };
		558F5E921B1CF39E00802D4C /* main.m */ = {isa = PBXFileReference; lastKnownFileType = sourcecode.c.objc; path = main.m; sourceTree = "<group>"; };
		558F5E941B1CF39E00802D4C /* AppDelegate.h */ = {isa = PBXFileReference; lastKnownFileType = sourcecode.c.h; path = AppDelegate.h; sourceTree = "<group>"; };
		558F5E951B1CF39E00802D4C /* AppDelegate.m */ = {isa = PBXFileReference; lastKnownFileType = sourcecode.c.objc; path = AppDelegate.m; sourceTree = "<group>"; };
		558F5E971B1CF39E00802D4C /* ViewController.h */ = {isa = PBXFileReference; lastKnownFileType = sourcecode.c.h; path = ViewController.h; sourceTree = "<group>"; };
		558F5E981B1CF39E00802D4C /* ViewController.m */ = {isa = PBXFileReference; lastKnownFileType = sourcecode.c.objc; path = ViewController.m; sourceTree = "<group>"; };
		558F5E9B1B1CF39E00802D4C /* Base */ = {isa = PBXFileReference; lastKnownFileType = file.storyboard; name = Base; path = Base.lproj/Main.storyboard; sourceTree = "<group>"; };
		558F5E9D1B1CF39E00802D4C /* Images.xcassets */ = {isa = PBXFileReference; lastKnownFileType = folder.assetcatalog; path = Images.xcassets; sourceTree = "<group>"; };
		558F5EA01B1CF39E00802D4C /* Base */ = {isa = PBXFileReference; lastKnownFileType = file.xib; name = Base; path = Base.lproj/LaunchScreen.xib; sourceTree = "<group>"; };
		558F5EA61B1CF39E00802D4C /* walletTests.xctest */ = {isa = PBXFileReference; explicitFileType = wrapper.cfbundle; includeInIndex = 0; path = walletTests.xctest; sourceTree = BUILT_PRODUCTS_DIR; };
		558F5EAB1B1CF39E00802D4C /* Info.plist */ = {isa = PBXFileReference; lastKnownFileType = text.plist.xml; path = Info.plist; sourceTree = "<group>"; };
		558F5EC21B1D06EC00802D4C /* MAVMoney.h */ = {isa = PBXFileReference; fileEncoding = 4; lastKnownFileType = sourcecode.c.h; path = MAVMoney.h; sourceTree = "<group>"; };
		558F5EC31B1D06EC00802D4C /* MAVMoney.m */ = {isa = PBXFileReference; fileEncoding = 4; lastKnownFileType = sourcecode.c.objc; path = MAVMoney.m; sourceTree = "<group>"; };
		558F5EC91B1D0B2C00802D4C /* MAVMoneyTests.m */ = {isa = PBXFileReference; fileEncoding = 4; lastKnownFileType = sourcecode.c.objc; path = MAVMoneyTests.m; sourceTree = "<group>"; };
/* End PBXFileReference section */

/* Begin PBXFrameworksBuildPhase section */
		558F5E8A1B1CF39E00802D4C /* Frameworks */ = {
			isa = PBXFrameworksBuildPhase;
			buildActionMask = 2147483647;
			files = (
			);
			runOnlyForDeploymentPostprocessing = 0;
		};
		558F5EA31B1CF39E00802D4C /* Frameworks */ = {
			isa = PBXFrameworksBuildPhase;
			buildActionMask = 2147483647;
			files = (
			);
			runOnlyForDeploymentPostprocessing = 0;
		};
/* End PBXFrameworksBuildPhase section */

/* Begin PBXGroup section */
		556CF8701B3F153300EAA7A4 /* Models */ = {
			isa = PBXGroup;
			children = (
				558F5EC91B1D0B2C00802D4C /* MAVMoneyTests.m */,
				556CF8711B3F156600EAA7A4 /* MAVBrokerTests.m */,
				556CF8781B3F2B2000EAA7A4 /* MAVWalletTests.m */,
			);
			name = Models;
			sourceTree = "<group>";
		};
		556CF87E1B40148900EAA7A4 /* Controllers */ = {
			isa = PBXGroup;
			children = (
				556CF87F1B4014A900EAA7A4 /* MAVWalletTableViewController.h */,
				556CF8801B4014A900EAA7A4 /* MAVWalletTableViewController.m */,
				556CF8811B4014A900EAA7A4 /* MAVWalletTableViewController.xib */,
			);
			name = Controllers;
			sourceTree = "<group>";
		};
		556CF8841B4014D400EAA7A4 /* Controllers */ = {
			isa = PBXGroup;
			children = (
				556CF8861B4014F900EAA7A4 /* MAVWalletTableTests.m */,
			);
			name = Controllers;
			sourceTree = "<group>";
		};
		558F5E841B1CF39E00802D4C = {
			isa = PBXGroup;
			children = (
				558F5E8F1B1CF39E00802D4C /* wallet */,
				558F5EA91B1CF39E00802D4C /* walletTests */,
				558F5E8E1B1CF39E00802D4C /* Products */,
			);
			sourceTree = "<group>";
		};
		558F5E8E1B1CF39E00802D4C /* Products */ = {
			isa = PBXGroup;
			children = (
				558F5E8D1B1CF39E00802D4C /* wallet.app */,
				558F5EA61B1CF39E00802D4C /* walletTests.xctest */,
			);
			name = Products;
			sourceTree = "<group>";
		};
		558F5E8F1B1CF39E00802D4C /* wallet */ = {
			isa = PBXGroup;
			children = (
				556CF87E1B40148900EAA7A4 /* Controllers */,
				558F5EB81B1CF65F00802D4C /* Models */,
				558F5E941B1CF39E00802D4C /* AppDelegate.h */,
				558F5E951B1CF39E00802D4C /* AppDelegate.m */,
				558F5E971B1CF39E00802D4C /* ViewController.h */,
				558F5E981B1CF39E00802D4C /* ViewController.m */,
				558F5E9A1B1CF39E00802D4C /* Main.storyboard */,
				558F5E9D1B1CF39E00802D4C /* Images.xcassets */,
				558F5E9F1B1CF39E00802D4C /* LaunchScreen.xib */,
				558F5E901B1CF39E00802D4C /* Supporting Files */,
			);
			path = wallet;
			sourceTree = "<group>";
		};
		558F5E901B1CF39E00802D4C /* Supporting Files */ = {
			isa = PBXGroup;
			children = (
				558F5E911B1CF39E00802D4C /* Info.plist */,
				558F5E921B1CF39E00802D4C /* main.m */,
			);
			name = "Supporting Files";
			sourceTree = "<group>";
		};
		558F5EA91B1CF39E00802D4C /* walletTests */ = {
			isa = PBXGroup;
			children = (
				556CF8841B4014D400EAA7A4 /* Controllers */,
				556CF8701B3F153300EAA7A4 /* Models */,
				558F5EAA1B1CF39E00802D4C /* Supporting Files */,
			);
			path = walletTests;
			sourceTree = "<group>";
		};
		558F5EAA1B1CF39E00802D4C /* Supporting Files */ = {
			isa = PBXGroup;
			children = (
				558F5EAB1B1CF39E00802D4C /* Info.plist */,
			);
			name = "Supporting Files";
			sourceTree = "<group>";
		};
		558F5EB81B1CF65F00802D4C /* Models */ = {
			isa = PBXGroup;
			children = (
				558F5EC21B1D06EC00802D4C /* MAVMoney.h */,
				558F5EC31B1D06EC00802D4C /* MAVMoney.m */,
				556CF8731B3F164100EAA7A4 /* MAVBroker.h */,
				556CF8741B3F164100EAA7A4 /* MAVBroker.m */,
				556CF87A1B3F2F2E00EAA7A4 /* MAVWallet.h */,
				556CF87B1B3F2F2E00EAA7A4 /* MAVWallet.m */,
			);
			name = Models;
			sourceTree = "<group>";
		};
/* End PBXGroup section */

/* Begin PBXNativeTarget section */
		558F5E8C1B1CF39E00802D4C /* wallet */ = {
			isa = PBXNativeTarget;
			buildConfigurationList = 558F5EB01B1CF39E00802D4C /* Build configuration list for PBXNativeTarget "wallet" */;
			buildPhases = (
				558F5E891B1CF39E00802D4C /* Sources */,
				558F5E8A1B1CF39E00802D4C /* Frameworks */,
				558F5E8B1B1CF39E00802D4C /* Resources */,
			);
			buildRules = (
			);
			dependencies = (
			);
			name = wallet;
			productName = wallet;
			productReference = 558F5E8D1B1CF39E00802D4C /* wallet.app */;
			productType = "com.apple.product-type.application";
		};
		558F5EA51B1CF39E00802D4C /* walletTests */ = {
			isa = PBXNativeTarget;
			buildConfigurationList = 558F5EB31B1CF39E00802D4C /* Build configuration list for PBXNativeTarget "walletTests" */;
			buildPhases = (
				558F5EA21B1CF39E00802D4C /* Sources */,
				558F5EA31B1CF39E00802D4C /* Frameworks */,
				558F5EA41B1CF39E00802D4C /* Resources */,
			);
			buildRules = (
			);
			dependencies = (
				558F5EA81B1CF39E00802D4C /* PBXTargetDependency */,
			);
			name = walletTests;
			productName = walletTests;
			productReference = 558F5EA61B1CF39E00802D4C /* walletTests.xctest */;
			productType = "com.apple.product-type.bundle.unit-test";
		};
/* End PBXNativeTarget section */

/* Begin PBXProject section */
		558F5E851B1CF39E00802D4C /* Project object */ = {
			isa = PBXProject;
			attributes = {
				LastUpgradeCheck = 0630;
				ORGANIZATIONNAME = "Miguel Ángel Vélez Serrano";
				TargetAttributes = {
					558F5E8C1B1CF39E00802D4C = {
						CreatedOnToolsVersion = 6.3.2;
					};
					558F5EA51B1CF39E00802D4C = {
						CreatedOnToolsVersion = 6.3.2;
						TestTargetID = 558F5E8C1B1CF39E00802D4C;
					};
				};
			};
			buildConfigurationList = 558F5E881B1CF39E00802D4C /* Build configuration list for PBXProject "wallet" */;
			compatibilityVersion = "Xcode 3.2";
			developmentRegion = English;
			hasScannedForEncodings = 0;
			knownRegions = (
				en,
				Base,
			);
			mainGroup = 558F5E841B1CF39E00802D4C;
			productRefGroup = 558F5E8E1B1CF39E00802D4C /* Products */;
			projectDirPath = "";
			projectRoot = "";
			targets = (
				558F5E8C1B1CF39E00802D4C /* wallet */,
				558F5EA51B1CF39E00802D4C /* walletTests */,
			);
		};
/* End PBXProject section */

/* Begin PBXResourcesBuildPhase section */
		558F5E8B1B1CF39E00802D4C /* Resources */ = {
			isa = PBXResourcesBuildPhase;
			buildActionMask = 2147483647;
			files = (
				558F5E9C1B1CF39E00802D4C /* Main.storyboard in Resources */,
				558F5EA11B1CF39E00802D4C /* LaunchScreen.xib in Resources */,
				556CF8831B4014A900EAA7A4 /* MAVWalletTableViewController.xib in Resources */,
				558F5E9E1B1CF39E00802D4C /* Images.xcassets in Resources */,
			);
			runOnlyForDeploymentPostprocessing = 0;
		};
		558F5EA41B1CF39E00802D4C /* Resources */ = {
			isa = PBXResourcesBuildPhase;
			buildActionMask = 2147483647;
			files = (
			);
			runOnlyForDeploymentPostprocessing = 0;
		};
/* End PBXResourcesBuildPhase section */

/* Begin PBXSourcesBuildPhase section */
		558F5E891B1CF39E00802D4C /* Sources */ = {
			isa = PBXSourcesBuildPhase;
			buildActionMask = 2147483647;
			files = (
				558F5E991B1CF39E00802D4C /* ViewController.m in Sources */,
				558F5EC41B1D06EC00802D4C /* MAVMoney.m in Sources */,
				558F5E961B1CF39E00802D4C /* AppDelegate.m in Sources */,
				556CF87C1B3F2F2E00EAA7A4 /* MAVWallet.m in Sources */,
				556CF8821B4014A900EAA7A4 /* MAVWalletTableViewController.m in Sources */,
				558F5E931B1CF39E00802D4C /* main.m in Sources */,
				556CF8751B3F164100EAA7A4 /* MAVBroker.m in Sources */,
			);
			runOnlyForDeploymentPostprocessing = 0;
		};
		558F5EA21B1CF39E00802D4C /* Sources */ = {
			isa = PBXSourcesBuildPhase;
			buildActionMask = 2147483647;
			files = (
				556CF8871B4014F900EAA7A4 /* MAVWalletTableTests.m in Sources */,
				556CF8721B3F156600EAA7A4 /* MAVBrokerTests.m in Sources */,
				556CF8761B3F164B00EAA7A4 /* MAVMoney.m in Sources */,
				556CF87D1B3F30BC00EAA7A4 /* MAVWallet.m in Sources */,
				556CF8791B3F2B2000EAA7A4 /* MAVWalletTests.m in Sources */,
				556CF8851B4014DE00EAA7A4 /* MAVWalletTableViewController.m in Sources */,
				558F5ECA1B1D0B2C00802D4C /* MAVMoneyTests.m in Sources */,
				556CF8771B3F164E00EAA7A4 /* MAVBroker.m in Sources */,
			);
			runOnlyForDeploymentPostprocessing = 0;
		};
/* End PBXSourcesBuildPhase section */

/* Begin PBXTargetDependency section */
		558F5EA81B1CF39E00802D4C /* PBXTargetDependency */ = {
			isa = PBXTargetDependency;
			target = 558F5E8C1B1CF39E00802D4C /* wallet */;
			targetProxy = 558F5EA71B1CF39E00802D4C /* PBXContainerItemProxy */;
		};
/* End PBXTargetDependency section */

/* Begin PBXVariantGroup section */
		558F5E9A1B1CF39E00802D4C /* Main.storyboard */ = {
			isa = PBXVariantGroup;
			children = (
				558F5E9B1B1CF39E00802D4C /* Base */,
			);
			name = Main.storyboard;
			sourceTree = "<group>";
		};
		558F5E9F1B1CF39E00802D4C /* LaunchScreen.xib */ = {
			isa = PBXVariantGroup;
			children = (
				558F5EA01B1CF39E00802D4C /* Base */,
			);
			name = LaunchScreen.xib;
			sourceTree = "<group>";
		};
/* End PBXVariantGroup section */

/* Begin XCBuildConfiguration section */
		558F5EAE1B1CF39E00802D4C /* Debug */ = {
			isa = XCBuildConfiguration;
			buildSettings = {
				ALWAYS_SEARCH_USER_PATHS = NO;
				CLANG_CXX_LANGUAGE_STANDARD = "gnu++0x";
				CLANG_CXX_LIBRARY = "libc++";
				CLANG_ENABLE_MODULES = YES;
				CLANG_ENABLE_OBJC_ARC = YES;
				CLANG_WARN_BOOL_CONVERSION = YES;
				CLANG_WARN_CONSTANT_CONVERSION = YES;
				CLANG_WARN_DIRECT_OBJC_ISA_USAGE = YES_ERROR;
				CLANG_WARN_EMPTY_BODY = YES;
				CLANG_WARN_ENUM_CONVERSION = YES;
				CLANG_WARN_INT_CONVERSION = YES;
				CLANG_WARN_OBJC_ROOT_CLASS = YES_ERROR;
				CLANG_WARN_UNREACHABLE_CODE = YES;
				CLANG_WARN__DUPLICATE_METHOD_MATCH = YES;
				"CODE_SIGN_IDENTITY[sdk=iphoneos*]" = "iPhone Developer";
				COPY_PHASE_STRIP = NO;
				DEBUG_INFORMATION_FORMAT = "dwarf-with-dsym";
				ENABLE_STRICT_OBJC_MSGSEND = YES;
				GCC_C_LANGUAGE_STANDARD = gnu99;
				GCC_DYNAMIC_NO_PIC = NO;
				GCC_NO_COMMON_BLOCKS = YES;
				GCC_OPTIMIZATION_LEVEL = 0;
				GCC_PREPROCESSOR_DEFINITIONS = (
					"DEBUG=1",
					"$(inherited)",
				);
				GCC_SYMBOLS_PRIVATE_EXTERN = NO;
				GCC_WARN_64_TO_32_BIT_CONVERSION = YES;
				GCC_WARN_ABOUT_RETURN_TYPE = YES_ERROR;
				GCC_WARN_UNDECLARED_SELECTOR = YES;
				GCC_WARN_UNINITIALIZED_AUTOS = YES_AGGRESSIVE;
				GCC_WARN_UNUSED_FUNCTION = YES;
				GCC_WARN_UNUSED_VARIABLE = YES;
				IPHONEOS_DEPLOYMENT_TARGET = 8.3;
				MTL_ENABLE_DEBUG_INFO = YES;
				ONLY_ACTIVE_ARCH = YES;
				SDKROOT = iphoneos;
			};
			name = Debug;
		};
		558F5EAF1B1CF39E00802D4C /* Release */ = {
			isa = XCBuildConfiguration;
			buildSettings = {
				ALWAYS_SEARCH_USER_PATHS = NO;
				CLANG_CXX_LANGUAGE_STANDARD = "gnu++0x";
				CLANG_CXX_LIBRARY = "libc++";
				CLANG_ENABLE_MODULES = YES;
				CLANG_ENABLE_OBJC_ARC = YES;
				CLANG_WARN_BOOL_CONVERSION = YES;
				CLANG_WARN_CONSTANT_CONVERSION = YES;
				CLANG_WARN_DIRECT_OBJC_ISA_USAGE = YES_ERROR;
				CLANG_WARN_EMPTY_BODY = YES;
				CLANG_WARN_ENUM_CONVERSION = YES;
				CLANG_WARN_INT_CONVERSION = YES;
				CLANG_WARN_OBJC_ROOT_CLASS = YES_ERROR;
				CLANG_WARN_UNREACHABLE_CODE = YES;
				CLANG_WARN__DUPLICATE_METHOD_MATCH = YES;
				"CODE_SIGN_IDENTITY[sdk=iphoneos*]" = "iPhone Developer";
				COPY_PHASE_STRIP = NO;
				DEBUG_INFORMATION_FORMAT = "dwarf-with-dsym";
				ENABLE_NS_ASSERTIONS = NO;
				ENABLE_STRICT_OBJC_MSGSEND = YES;
				GCC_C_LANGUAGE_STANDARD = gnu99;
				GCC_NO_COMMON_BLOCKS = YES;
				GCC_WARN_64_TO_32_BIT_CONVERSION = YES;
				GCC_WARN_ABOUT_RETURN_TYPE = YES_ERROR;
				GCC_WARN_UNDECLARED_SELECTOR = YES;
				GCC_WARN_UNINITIALIZED_AUTOS = YES_AGGRESSIVE;
				GCC_WARN_UNUSED_FUNCTION = YES;
				GCC_WARN_UNUSED_VARIABLE = YES;
				IPHONEOS_DEPLOYMENT_TARGET = 8.3;
				MTL_ENABLE_DEBUG_INFO = NO;
				SDKROOT = iphoneos;
				VALIDATE_PRODUCT = YES;
			};
			name = Release;
		};
		558F5EB11B1CF39E00802D4C /* Debug */ = {
			isa = XCBuildConfiguration;
			buildSettings = {
				ASSETCATALOG_COMPILER_APPICON_NAME = AppIcon;
				INFOPLIST_FILE = wallet/Info.plist;
				LD_RUNPATH_SEARCH_PATHS = "$(inherited) @executable_path/Frameworks";
				PRODUCT_NAME = "$(TARGET_NAME)";
			};
			name = Debug;
		};
		558F5EB21B1CF39E00802D4C /* Release */ = {
			isa = XCBuildConfiguration;
			buildSettings = {
				ASSETCATALOG_COMPILER_APPICON_NAME = AppIcon;
				INFOPLIST_FILE = wallet/Info.plist;
				LD_RUNPATH_SEARCH_PATHS = "$(inherited) @executable_path/Frameworks";
				PRODUCT_NAME = "$(TARGET_NAME)";
			};
			name = Release;
		};
		558F5EB41B1CF39E00802D4C /* Debug */ = {
			isa = XCBuildConfiguration;
			buildSettings = {
				BUNDLE_LOADER = "$(TEST_HOST)";
				FRAMEWORK_SEARCH_PATHS = (
					"$(SDKROOT)/Developer/Library/Frameworks",
					"$(inherited)",
				);
				GCC_PREPROCESSOR_DEFINITIONS = (
					"DEBUG=1",
					"$(inherited)",
				);
				INFOPLIST_FILE = walletTests/Info.plist;
				LD_RUNPATH_SEARCH_PATHS = "$(inherited) @executable_path/Frameworks @loader_path/Frameworks";
				PRODUCT_NAME = "$(TARGET_NAME)";
				TEST_HOST = "$(BUILT_PRODUCTS_DIR)/wallet.app/wallet";
			};
			name = Debug;
		};
		558F5EB51B1CF39E00802D4C /* Release */ = {
			isa = XCBuildConfiguration;
			buildSettings = {
				BUNDLE_LOADER = "$(TEST_HOST)";
				FRAMEWORK_SEARCH_PATHS = (
					"$(SDKROOT)/Developer/Library/Frameworks",
					"$(inherited)",
				);
				INFOPLIST_FILE = walletTests/Info.plist;
				LD_RUNPATH_SEARCH_PATHS = "$(inherited) @executable_path/Frameworks @loader_path/Frameworks";
				PRODUCT_NAME = "$(TARGET_NAME)";
				TEST_HOST = "$(BUILT_PRODUCTS_DIR)/wallet.app/wallet";
			};
			name = Release;
		};
/* End XCBuildConfiguration section */

/* Begin XCConfigurationList section */
		558F5E881B1CF39E00802D4C /* Build configuration list for PBXProject "wallet" */ = {
			isa = XCConfigurationList;
			buildConfigurations = (
				558F5EAE1B1CF39E00802D4C /* Debug */,
				558F5EAF1B1CF39E00802D4C /* Release */,
			);
			defaultConfigurationIsVisible = 0;
			defaultConfigurationName = Release;
		};
		558F5EB01B1CF39E00802D4C /* Build configuration list for PBXNativeTarget "wallet" */ = {
			isa = XCConfigurationList;
			buildConfigurations = (
				558F5EB11B1CF39E00802D4C /* Debug */,
				558F5EB21B1CF39E00802D4C /* Release */,
			);
			defaultConfigurationIsVisible = 0;
			defaultConfigurationName = Release;
		};
		558F5EB31B1CF39E00802D4C /* Build configuration list for PBXNativeTarget "walletTests" */ = {
			isa = XCConfigurationList;
			buildConfigurations = (
				558F5EB41B1CF39E00802D4C /* Debug */,
				558F5EB51B1CF39E00802D4C /* Release */,
			);
			defaultConfigurationIsVisible = 0;
			defaultConfigurationName = Release;
		};
/* End XCConfigurationList section */
	};
	rootObject = 558F5E851B1CF39E00802D4C /* Project object */;
}
